
Microsoft Visual Studio Solution File, Format Version 12.00
# Visual Studio Version 16
VisualStudioVersion = 16.0.810.16
MinimumVisualStudioVersion = 10.0.40219.1
Project("{FAE04EC0-301F-11D3-BF4B-00C04F79EFBC}") = "factorial", "factorial\factorial.csproj", "{45B3C27B-1723-4F16-B8AA-8FDF239504F1}"
EndProject
Global
	GlobalSection(SolutionConfigurationPlatforms) = preSolution
		Debug|anycpu = Debug|anycpu
		Release|anycpu = Release|anycpu
	EndGlobalSection
	GlobalSection(ProjectConfigurationPlatforms) = postSolution
		{45B3C27B-1723-4F16-B8AA-8FDF239504F1}.Debug|anycpu.ActiveCfg = Debug|anycpu
		{45B3C27B-1723-4F16-B8AA-8FDF239504F1}.Debug|anycpu.Build.0 = Debug|anycpu
		{45B3C27B-1723-4F16-B8AA-8FDF239504F1}.Release|anycpu.ActiveCfg = Release|anycpu
		{45B3C27B-1723-4F16-B8AA-8FDF239504F1}.Release|anycpu.Build.0 = Release|anycpu
	EndGlobalSection
	GlobalSection(SolutionProperties) = preSolution
		HideSolutionNode = FALSE
	EndGlobalSection
	GlobalSection(ExtensibilityGlobals) = postSolution
		SolutionGuid = {E43A4094-F4CB-41D7-BCD4-37B02A0E7393}
	EndGlobalSection
EndGlobal
