
Microsoft Visual Studio Solution File, Format Version 12.00
# Visual Studio Version 16
VisualStudioVersion = 16.0.810.6
MinimumVisualStudioVersion = 10.0.40219.1
Project("{FAE04EC0-301F-11D3-BF4B-00C04F79EFBC}") = "forの入れ子", "forの入れ子\forの入れ子.csproj", "{F13100B0-F106-436F-BD09-1F8E932B40D2}"
EndProject
Global
	GlobalSection(SolutionConfigurationPlatforms) = preSolution
		Debug|anycpu = Debug|anycpu
		Release|anycpu = Release|anycpu
	EndGlobalSection
	GlobalSection(ProjectConfigurationPlatforms) = postSolution
		{F13100B0-F106-436F-BD09-1F8E932B40D2}.Debug|anycpu.ActiveCfg = Debug|anycpu
		{F13100B0-F106-436F-BD09-1F8E932B40D2}.Debug|anycpu.Build.0 = Debug|anycpu
		{F13100B0-F106-436F-BD09-1F8E932B40D2}.Release|anycpu.ActiveCfg = Release|anycpu
		{F13100B0-F106-436F-BD09-1F8E932B40D2}.Release|anycpu.Build.0 = Release|anycpu
	EndGlobalSection
	GlobalSection(SolutionProperties) = preSolution
		HideSolutionNode = FALSE
	EndGlobalSection
	GlobalSection(ExtensibilityGlobals) = postSolution
		SolutionGuid = {9764B7A4-9104-401B-B445-FE913529485A}
	EndGlobalSection
EndGlobal
